
Microsoft Visual Studio Solution File, Format Version 12.00
# Visual Studio Version 17
VisualStudioVersion = 17.8.34525.116
MinimumVisualStudioVersion = 10.0.40219.1
Project("{FAE04EC0-301F-11D3-BF4B-00C04F79EFBC}") = "EsercizioW3D4", "EsercizioW3D4.csproj", "{8C16BC12-6E86-4AE0-A76A-C0D35C9E3454}"
EndProject
Global
	GlobalSection(SolutionConfigurationPlatforms) = preSolution
		Debug|Any CPU = Debug|Any CPU
		Release|Any CPU = Release|Any CPU
	EndGlobalSection
	GlobalSection(ProjectConfigurationPlatforms) = postSolution
		{8C16BC12-6E86-4AE0-A76A-C0D35C9E3454}.Debug|Any CPU.ActiveCfg = Debug|Any CPU
		{8C16BC12-6E86-4AE0-A76A-C0D35C9E3454}.Debug|Any CPU.Build.0 = Debug|Any CPU
		{8C16BC12-6E86-4AE0-A76A-C0D35C9E3454}.Release|Any CPU.ActiveCfg = Release|Any CPU
		{8C16BC12-6E86-4AE0-A76A-C0D35C9E3454}.Release|Any CPU.Build.0 = Release|Any CPU
	EndGlobalSection
	GlobalSection(SolutionProperties) = preSolution
		HideSolutionNode = FALSE
	EndGlobalSection
	GlobalSection(ExtensibilityGlobals) = postSolution
		SolutionGuid = {3A291D8D-208F-49AA-9A2C-FD8D86072188}
	EndGlobalSection
EndGlobal
